
Microsoft Visual Studio Solution File, Format Version 12.00
# Visual Studio Version 16
VisualStudioVersion = 16.0.29613.14
MinimumVisualStudioVersion = 10.0.40219.1
Project("{FAE04EC0-301F-11D3-BF4B-00C04F79EFBC}") = "CareerCenterReceptionist", "CareerCenterReceptionist\CareerCenterReceptionist.csproj", "{69AB7D40-B6A8-4E26-A308-F97F93A9CCCD}"
EndProject
Global
	GlobalSection(SolutionConfigurationPlatforms) = preSolution
		Debug|Any CPU = Debug|Any CPU
		Release|Any CPU = Release|Any CPU
	EndGlobalSection
	GlobalSection(ProjectConfigurationPlatforms) = postSolution
		{69AB7D40-B6A8-4E26-A308-F97F93A9CCCD}.Debug|Any CPU.ActiveCfg = Debug|Any CPU
		{69AB7D40-B6A8-4E26-A308-F97F93A9CCCD}.Debug|Any CPU.Build.0 = Debug|Any CPU
		{69AB7D40-B6A8-4E26-A308-F97F93A9CCCD}.Release|Any CPU.ActiveCfg = Release|Any CPU
		{69AB7D40-B6A8-4E26-A308-F97F93A9CCCD}.Release|Any CPU.Build.0 = Release|Any CPU
	EndGlobalSection
	GlobalSection(SolutionProperties) = preSolution
		HideSolutionNode = FALSE
	EndGlobalSection
	GlobalSection(ExtensibilityGlobals) = postSolution
		SolutionGuid = {F899F048-2BB9-47E8-8D17-D2E0C0C6F8A3}
	EndGlobalSection
EndGlobal
